
Microsoft Visual Studio Solution File, Format Version 12.00
# Visual Studio Version 17
VisualStudioVersion = 17.10.34928.147
MinimumVisualStudioVersion = 10.0.40219.1
Project("{FAE04EC0-301F-11D3-BF4B-00C04F79EFBC}") = "CSharp_area_perimeter_diagonal_exercise", "CSharp_area_perimeter_diagonal_exercise\CSharp_area_perimeter_diagonal_exercise.csproj", "{DA3FDD22-3098-4086-928C-7F82C7B11041}"
EndProject
Global
	GlobalSection(SolutionConfigurationPlatforms) = preSolution
		Debug|Any CPU = Debug|Any CPU
		Release|Any CPU = Release|Any CPU
	EndGlobalSection
	GlobalSection(ProjectConfigurationPlatforms) = postSolution
		{DA3FDD22-3098-4086-928C-7F82C7B11041}.Debug|Any CPU.ActiveCfg = Debug|Any CPU
		{DA3FDD22-3098-4086-928C-7F82C7B11041}.Debug|Any CPU.Build.0 = Debug|Any CPU
		{DA3FDD22-3098-4086-928C-7F82C7B11041}.Release|Any CPU.ActiveCfg = Release|Any CPU
		{DA3FDD22-3098-4086-928C-7F82C7B11041}.Release|Any CPU.Build.0 = Release|Any CPU
	EndGlobalSection
	GlobalSection(SolutionProperties) = preSolution
		HideSolutionNode = FALSE
	EndGlobalSection
	GlobalSection(ExtensibilityGlobals) = postSolution
		SolutionGuid = {60ED4B9B-284B-403D-99C8-A5185B6651D6}
	EndGlobalSection
EndGlobal
